
Microsoft Visual Studio Solution File, Format Version 12.00
# Visual Studio Version 16
VisualStudioVersion = 16.0.29926.136
MinimumVisualStudioVersion = 10.0.40219.1
Project("{FAE04EC0-301F-11D3-BF4B-00C04F79EFBC}") = "Diagonal Difference", "Diagonal Difference\Diagonal Difference.csproj", "{AFF53CAA-2DA5-404B-AC49-8845E45128EE}"
EndProject
Project("{FAE04EC0-301F-11D3-BF4B-00C04F79EFBC}") = "Staircase", "Staircase\Staircase.csproj", "{BFEBDD66-0A89-4C82-AF47-CF1C2703C334}"
EndProject
Project("{FAE04EC0-301F-11D3-BF4B-00C04F79EFBC}") = "MinMaxSum", "MinMaxSum\MinMaxSum.csproj", "{3CD4D39A-D47F-4A6D-88DD-781926C99D48}"
EndProject
Global
	GlobalSection(SolutionConfigurationPlatforms) = preSolution
		Debug|Any CPU = Debug|Any CPU
		Release|Any CPU = Release|Any CPU
	EndGlobalSection
	GlobalSection(ProjectConfigurationPlatforms) = postSolution
		{AFF53CAA-2DA5-404B-AC49-8845E45128EE}.Debug|Any CPU.ActiveCfg = Debug|Any CPU
		{AFF53CAA-2DA5-404B-AC49-8845E45128EE}.Debug|Any CPU.Build.0 = Debug|Any CPU
		{AFF53CAA-2DA5-404B-AC49-8845E45128EE}.Release|Any CPU.ActiveCfg = Release|Any CPU
		{AFF53CAA-2DA5-404B-AC49-8845E45128EE}.Release|Any CPU.Build.0 = Release|Any CPU
		{BFEBDD66-0A89-4C82-AF47-CF1C2703C334}.Debug|Any CPU.ActiveCfg = Debug|Any CPU
		{BFEBDD66-0A89-4C82-AF47-CF1C2703C334}.Debug|Any CPU.Build.0 = Debug|Any CPU
		{BFEBDD66-0A89-4C82-AF47-CF1C2703C334}.Release|Any CPU.ActiveCfg = Release|Any CPU
		{BFEBDD66-0A89-4C82-AF47-CF1C2703C334}.Release|Any CPU.Build.0 = Release|Any CPU
		{3CD4D39A-D47F-4A6D-88DD-781926C99D48}.Debug|Any CPU.ActiveCfg = Debug|Any CPU
		{3CD4D39A-D47F-4A6D-88DD-781926C99D48}.Debug|Any CPU.Build.0 = Debug|Any CPU
		{3CD4D39A-D47F-4A6D-88DD-781926C99D48}.Release|Any CPU.ActiveCfg = Release|Any CPU
		{3CD4D39A-D47F-4A6D-88DD-781926C99D48}.Release|Any CPU.Build.0 = Release|Any CPU
	EndGlobalSection
	GlobalSection(SolutionProperties) = preSolution
		HideSolutionNode = FALSE
	EndGlobalSection
	GlobalSection(ExtensibilityGlobals) = postSolution
		SolutionGuid = {01389FA8-C278-4B9A-A4F5-2A113D1B20F9}
	EndGlobalSection
EndGlobal
